
Microsoft Visual Studio Solution File, Format Version 12.00
# Visual Studio Version 16
VisualStudioVersion = 16.0.32510.428
MinimumVisualStudioVersion = 10.0.40219.1
Project("{FAE04EC0-301F-11D3-BF4B-00C04F79EFBC}") = "UICoreMVC", "UICoreMVC\UICoreMVC.csproj", "{27D14635-4FF0-40C3-B7EC-7DFE4D3165C1}"
EndProject
Project("{FAE04EC0-301F-11D3-BF4B-00C04F79EFBC}") = "Entities", "Entities\Entities.csproj", "{B6AB4320-91A9-4FAF-88AD-0B8C0DE59F69}"
EndProject
Global
	GlobalSection(SolutionConfigurationPlatforms) = preSolution
		Debug|Any CPU = Debug|Any CPU
		Release|Any CPU = Release|Any CPU
	EndGlobalSection
	GlobalSection(ProjectConfigurationPlatforms) = postSolution
		{27D14635-4FF0-40C3-B7EC-7DFE4D3165C1}.Debug|Any CPU.ActiveCfg = Debug|Any CPU
		{27D14635-4FF0-40C3-B7EC-7DFE4D3165C1}.Debug|Any CPU.Build.0 = Debug|Any CPU
		{27D14635-4FF0-40C3-B7EC-7DFE4D3165C1}.Release|Any CPU.ActiveCfg = Release|Any CPU
		{27D14635-4FF0-40C3-B7EC-7DFE4D3165C1}.Release|Any CPU.Build.0 = Release|Any CPU
		{B6AB4320-91A9-4FAF-88AD-0B8C0DE59F69}.Debug|Any CPU.ActiveCfg = Debug|Any CPU
		{B6AB4320-91A9-4FAF-88AD-0B8C0DE59F69}.Debug|Any CPU.Build.0 = Debug|Any CPU
		{B6AB4320-91A9-4FAF-88AD-0B8C0DE59F69}.Release|Any CPU.ActiveCfg = Release|Any CPU
		{B6AB4320-91A9-4FAF-88AD-0B8C0DE59F69}.Release|Any CPU.Build.0 = Release|Any CPU
	EndGlobalSection
	GlobalSection(SolutionProperties) = preSolution
		HideSolutionNode = FALSE
	EndGlobalSection
	GlobalSection(ExtensibilityGlobals) = postSolution
		SolutionGuid = {1BD61450-B95E-40A3-9188-4D19A9F4A3FD}
	EndGlobalSection
EndGlobal
